
Microsoft Visual Studio Solution File, Format Version 12.00
# Visual Studio Version 17
VisualStudioVersion = 17.4.33213.308
MinimumVisualStudioVersion = 10.0.40219.1
Project("{FAE04EC0-301F-11D3-BF4B-00C04F79EFBC}") = "WindowsFormsApp5", "WindowsFormsApp5\WindowsFormsApp5.csproj", "{0814B89A-BEF6-4DDF-A7B8-D2204F743D54}"
EndProject
Global
	GlobalSection(SolutionConfigurationPlatforms) = preSolution
		Debug|Any CPU = Debug|Any CPU
		Release|Any CPU = Release|Any CPU
	EndGlobalSection
	GlobalSection(ProjectConfigurationPlatforms) = postSolution
		{0814B89A-BEF6-4DDF-A7B8-D2204F743D54}.Debug|Any CPU.ActiveCfg = Debug|Any CPU
		{0814B89A-BEF6-4DDF-A7B8-D2204F743D54}.Debug|Any CPU.Build.0 = Debug|Any CPU
		{0814B89A-BEF6-4DDF-A7B8-D2204F743D54}.Release|Any CPU.ActiveCfg = Release|Any CPU
		{0814B89A-BEF6-4DDF-A7B8-D2204F743D54}.Release|Any CPU.Build.0 = Release|Any CPU
	EndGlobalSection
	GlobalSection(SolutionProperties) = preSolution
		HideSolutionNode = FALSE
	EndGlobalSection
	GlobalSection(ExtensibilityGlobals) = postSolution
		SolutionGuid = {37E062FC-A71F-4FF1-8566-9DEEDE4AEE43}
	EndGlobalSection
EndGlobal
